
Microsoft Visual Studio Solution File, Format Version 12.00
# Visual Studio 15
VisualStudioVersion = 15.0.28307.902
MinimumVisualStudioVersion = 10.0.40219.1
Project("{8BC9CEB8-8B4A-11D0-8D11-00A0C91BC942}") = "Minimizer", "Minimizer\Minimizer.vcxproj", "{E65E1CF5-3532-4714-A697-A6FABC7DD41E}"
EndProject
Project("{8BC9CEB8-8B4A-11D0-8D11-00A0C91BC942}") = "MinimizerAdapter", "MinimizerAdapter\MinimizerAdapter.vcxproj", "{63AEF5F2-874E-4061-A012-803D8D6993D8}"
EndProject
Global
	GlobalSection(SolutionConfigurationPlatforms) = preSolution
		Debug|x64 = Debug|x64
		Debug|x86 = Debug|x86
		Release|x64 = Release|x64
		Release|x86 = Release|x86
	EndGlobalSection
	GlobalSection(ProjectConfigurationPlatforms) = postSolution
		{E65E1CF5-3532-4714-A697-A6FABC7DD41E}.Debug|x64.ActiveCfg = Debug|x64
		{E65E1CF5-3532-4714-A697-A6FABC7DD41E}.Debug|x64.Build.0 = Debug|x64
		{E65E1CF5-3532-4714-A697-A6FABC7DD41E}.Debug|x86.ActiveCfg = Debug|Win32
		{E65E1CF5-3532-4714-A697-A6FABC7DD41E}.Debug|x86.Build.0 = Debug|Win32
		{E65E1CF5-3532-4714-A697-A6FABC7DD41E}.Release|x64.ActiveCfg = Release|x64
		{E65E1CF5-3532-4714-A697-A6FABC7DD41E}.Release|x64.Build.0 = Release|x64
		{E65E1CF5-3532-4714-A697-A6FABC7DD41E}.Release|x86.ActiveCfg = Release|Win32
		{E65E1CF5-3532-4714-A697-A6FABC7DD41E}.Release|x86.Build.0 = Release|Win32
		{63AEF5F2-874E-4061-A012-803D8D6993D8}.Debug|x64.ActiveCfg = Debug|x64
		{63AEF5F2-874E-4061-A012-803D8D6993D8}.Debug|x64.Build.0 = Debug|x64
		{63AEF5F2-874E-4061-A012-803D8D6993D8}.Debug|x86.ActiveCfg = Debug|Win32
		{63AEF5F2-874E-4061-A012-803D8D6993D8}.Debug|x86.Build.0 = Debug|Win32
		{63AEF5F2-874E-4061-A012-803D8D6993D8}.Release|x64.ActiveCfg = Release|x64
		{63AEF5F2-874E-4061-A012-803D8D6993D8}.Release|x64.Build.0 = Release|x64
		{63AEF5F2-874E-4061-A012-803D8D6993D8}.Release|x86.ActiveCfg = Release|Win32
		{63AEF5F2-874E-4061-A012-803D8D6993D8}.Release|x86.Build.0 = Release|Win32
	EndGlobalSection
	GlobalSection(SolutionProperties) = preSolution
		HideSolutionNode = FALSE
	EndGlobalSection
	GlobalSection(ExtensibilityGlobals) = postSolution
		SolutionGuid = {956A9197-8E73-4BA7-9EB5-D7E3A95A0D35}
	EndGlobalSection
EndGlobal
